
Microsoft Visual Studio Solution File, Format Version 11.00
# Visual Studio 2010
Project("{8BC9CEB8-8B4A-11D0-8D11-00A0C91BC942}") = "ctrl", "ctrl.vcxproj", "{B076E1E5-A0B1-43AB-A3DD-A6D823249062}"
EndProject
Global
	GlobalSection(SolutionConfigurationPlatforms) = preSolution
		Debug|Win32 = Debug|Win32
		Release|Win32 = Release|Win32
	EndGlobalSection
	GlobalSection(ProjectConfigurationPlatforms) = postSolution
		{B076E1E5-A0B1-43AB-A3DD-A6D823249062}.Debug|Win32.ActiveCfg = Debug|Win32
		{B076E1E5-A0B1-43AB-A3DD-A6D823249062}.Debug|Win32.Build.0 = Debug|Win32
		{B076E1E5-A0B1-43AB-A3DD-A6D823249062}.Release|Win32.ActiveCfg = Release|Win32
		{B076E1E5-A0B1-43AB-A3DD-A6D823249062}.Release|Win32.Build.0 = Release|Win32
	EndGlobalSection
	GlobalSection(SolutionProperties) = preSolution
		HideSolutionNode = FALSE
	EndGlobalSection
EndGlobal
